github.com/fffonion/tplink-plug-exporter v0.5.0 h1:RCPw5jsx3MaFldHVEfxfP1mDBfcMCVs+ua4/p21f4TU=
github.com/fffonion/tplink-plug-exporter v0.5.0/go.mod h1:fxTczAMz5EtE71gHJfcDk+0kkNJs6gZgqCzlXnCR/0M=
github.com/mitchellh/mapstructure v1.1.2 h1:fmNYVwqnSfB9mZU6OS2O6GsXM+wcskZDuKQzvN1EDeE=
github.com/mitchellh/mapstructure v1.1.2/go.mod h1:FVVH3fgwuzCH5S8UJGiWEs2h04kUh9fWfEaFds41c1Y=
